
Microsoft Visual Studio Solution File, Format Version 12.00
# Visual Studio Version 17
VisualStudioVersion = 17.11.35312.102
MinimumVisualStudioVersion = 10.0.40219.1
Project("{FAE04EC0-301F-11D3-BF4B-00C04F79EFBC}") = "studing", "studing\studing.csproj", "{470B23CC-63DD-42FA-8E05-0B1F209D3310}"
EndProject
Global
	GlobalSection(SolutionConfigurationPlatforms) = preSolution
		Debug|Any CPU = Debug|Any CPU
		Release|Any CPU = Release|Any CPU
	EndGlobalSection
	GlobalSection(ProjectConfigurationPlatforms) = postSolution
		{470B23CC-63DD-42FA-8E05-0B1F209D3310}.Debug|Any CPU.ActiveCfg = Debug|Any CPU
		{470B23CC-63DD-42FA-8E05-0B1F209D3310}.Debug|Any CPU.Build.0 = Debug|Any CPU
		{470B23CC-63DD-42FA-8E05-0B1F209D3310}.Release|Any CPU.ActiveCfg = Release|Any CPU
		{470B23CC-63DD-42FA-8E05-0B1F209D3310}.Release|Any CPU.Build.0 = Release|Any CPU
	EndGlobalSection
	GlobalSection(SolutionProperties) = preSolution
		HideSolutionNode = FALSE
	EndGlobalSection
	GlobalSection(ExtensibilityGlobals) = postSolution
		SolutionGuid = {2B051242-DB52-4D95-B87C-AA1F27C95FAC}
	EndGlobalSection
EndGlobal
